github.com/dream-until-dawn/okx-api-v5-go v0.2.0 h1:h0/iQ6Jw+uABLFSGh0k5Q0Lvj6rxLu93HW3yxOPLLfQ=
github.com/dream-until-dawn/okx-api-v5-go v0.2.0/go.mod h1:FVuvfuUtovypUt3t2MhQwqI+5LUrDowfHi3fMRutPpk=
github.com/gorilla/websocket v1.5.3 h1:saDtZ6Pbx/0u+bgYQ3q96pZgCzfhKXGPqt7kZ72aNNg=
github.com/gorilla/websocket v1.5.3/go.mod h1:YR8l580nyteQvAITg2hZ9XVh4b55+EU/adAjf1fMHhE=
