github.com/dream-until-dawn/okx-position-simulator-go v0.9.2 h1:YWWmc4lDZ7g6iJGipZLsUGsFdxNr89zPt30Ls2SIUsM=
github.com/dream-until-dawn/okx-position-simulator-go v0.9.2/go.mod h1:hGD9mcDB7lKUBPKHyAnXhyKZEO7NUVUHkzbJta9eC20=
github.com/shopspring/decimal v1.4.0 h1:bxl37RwXBklmTi0C79JfXCEBD1cqqHt0bbgBAGFp81k=
github.com/shopspring/decimal v1.4.0/go.mod h1:gawqmDU56v4yIKSwfBSFip1HdCCXN8/+DMd9qYNcwME=
