github.com/dream-until-dawn/okx-position-simulator-go v0.9.4 h1:qrMKlpiPNiTkd4dEb8q49vKPUwRTKKvscIKnG7GcaGM=
github.com/dream-until-dawn/okx-position-simulator-go v0.9.4/go.mod h1:hGD9mcDB7lKUBPKHyAnXhyKZEO7NUVUHkzbJta9eC20=
github.com/shopspring/decimal v1.4.0 h1:bxl37RwXBklmTi0C79JfXCEBD1cqqHt0bbgBAGFp81k=
github.com/shopspring/decimal v1.4.0/go.mod h1:gawqmDU56v4yIKSwfBSFip1HdCCXN8/+DMd9qYNcwME=
